// !$*UTF8*$!
{
	archiveVersion = 1;
	classes = {
	};
	objectVersion = 51;
	objects = {

/* Begin PBXBuildFile section */
		294205D925491AED009BB963 /* Weight+CoreDataClass.swift in Sources */ = {isa = PBXBuildFile; fileRef = 294205D825491AED009BB963 /* Weight+CoreDataClass.swift */; };
		294205DA25491AED009BB963 /* Weight+CoreDataProperties.swift in Sources */ = {isa = PBXBuildFile; fileRef = 294205D725491AED009BB963 /* Weight+CoreDataProperties.swift */; };
		299016E825490AEE0071079F /* APIKeys.swift in Sources */ = {isa = PBXBuildFile; fileRef = 299016E725490AEE0071079F /* APIKeys.swift */; };
		29D6B23D2549117B00E4BD1C /* MyFitness.xcdatamodeld in Sources */ = {isa = PBXBuildFile; fileRef = 29D6B23B2549117B00E4BD1C /* MyFitness.xcdatamodeld */; };
		29D6B2432549144500E4BD1C /* Workout+CoreDataProperties.swift in Sources */ = {isa = PBXBuildFile; fileRef = 29D6B2422549144500E4BD1C /* Workout+CoreDataProperties.swift */; };
		29D6B2442549144500E4BD1C /* Exercise+CoreDataClass.swift in Sources */ = {isa = PBXBuildFile; fileRef = 29D6B23F2549144500E4BD1C /* Exercise+CoreDataClass.swift */; };
		29D6B2452549144500E4BD1C /* Exercise+CoreDataProperties.swift in Sources */ = {isa = PBXBuildFile; fileRef = 29D6B2402549144500E4BD1C /* Exercise+CoreDataProperties.swift */; };
		29D6B2462549144500E4BD1C /* Workout+CoreDataClass.swift in Sources */ = {isa = PBXBuildFile; fileRef = 29D6B2412549144500E4BD1C /* Workout+CoreDataClass.swift */; };
		5F17C9F9F6C8A36BD6937386 /* Pods_MyFitness.framework in Frameworks */ = {isa = PBXBuildFile; fileRef = 03BF34E570924E8FD9E8B054 /* Pods_MyFitness.framework */; };
		CC0C7D23240756A500639A8F /* MFTabBarController.swift in Sources */ = {isa = PBXBuildFile; fileRef = CC0C7D22240756A500639A8F /* MFTabBarController.swift */; };
		CC0C7D25240756F200639A8F /* GymFinderVC.swift in Sources */ = {isa = PBXBuildFile; fileRef = CC0C7D24240756F200639A8F /* GymFinderVC.swift */; };
		CC0C7D282407574600639A8F /* MealsVC.swift in Sources */ = {isa = PBXBuildFile; fileRef = CC0C7D272407574600639A8F /* MealsVC.swift */; };
		CC0C7D2A2407576500639A8F /* ProgressVC.swift in Sources */ = {isa = PBXBuildFile; fileRef = CC0C7D292407576500639A8F /* ProgressVC.swift */; };
		CC0C7D2C2407578600639A8F /* WorkoutJournalVC.swift in Sources */ = {isa = PBXBuildFile; fileRef = CC0C7D2B2407578600639A8F /* WorkoutJournalVC.swift */; };
		CC0C7D3224075BBF00639A8F /* Recipe.swift in Sources */ = {isa = PBXBuildFile; fileRef = CC0C7D3124075BBF00639A8F /* Recipe.swift */; };
		CC58AC88240624C7008F4FC6 /* AppDelegate.swift in Sources */ = {isa = PBXBuildFile; fileRef = CC58AC87240624C7008F4FC6 /* AppDelegate.swift */; };
		CC58AC8A240624C7008F4FC6 /* SceneDelegate.swift in Sources */ = {isa = PBXBuildFile; fileRef = CC58AC89240624C7008F4FC6 /* SceneDelegate.swift */; };
		CC58AC91240624C8008F4FC6 /* Assets.xcassets in Resources */ = {isa = PBXBuildFile; fileRef = CC58AC90240624C8008F4FC6 /* Assets.xcassets */; };
		CC58AC94240624C8008F4FC6 /* LaunchScreen.storyboard in Resources */ = {isa = PBXBuildFile; fileRef = CC58AC92240624C8008F4FC6 /* LaunchScreen.storyboard */; };
		CC64240724C8A68E004107C8 /* HealthKit.framework in Frameworks */ = {isa = PBXBuildFile; fileRef = CC64240624C8A68E004107C8 /* HealthKit.framework */; };
		CC87088B2408BD100065D328 /* JournalCell.swift in Sources */ = {isa = PBXBuildFile; fileRef = CC87088A2408BD100065D328 /* JournalCell.swift */; };
		CC87088E2408BD5E0065D328 /* MFTitleLabel.swift in Sources */ = {isa = PBXBuildFile; fileRef = CC87088D2408BD5E0065D328 /* MFTitleLabel.swift */; };
		CC8708902408BD870065D328 /* MFAlertVC.swift in Sources */ = {isa = PBXBuildFile; fileRef = CC87088F2408BD870065D328 /* MFAlertVC.swift */; };
		CC8708922408BF5C0065D328 /* MFBodyLabel.swift in Sources */ = {isa = PBXBuildFile; fileRef = CC8708912408BF5C0065D328 /* MFBodyLabel.swift */; };
		CC8708942408C59A0065D328 /* AddWorkoutVC.swift in Sources */ = {isa = PBXBuildFile; fileRef = CC8708932408C59A0065D328 /* AddWorkoutVC.swift */; };
		CC8708962408C8450065D328 /* WorkoutCell.swift in Sources */ = {isa = PBXBuildFile; fileRef = CC8708952408C8450065D328 /* WorkoutCell.swift */; };
		CC937A67240F46890062D8C0 /* MFTextView.swift in Sources */ = {isa = PBXBuildFile; fileRef = CC937A66240F46890062D8C0 /* MFTextView.swift */; };
		CCBB28472411A6C9001FF616 /* PersistenceManager.swift in Sources */ = {isa = PBXBuildFile; fileRef = CCBB28462411A6C9001FF616 /* PersistenceManager.swift */; };
		CCBB28492412C381001FF616 /* MFSecondaryTitleLabel.swift in Sources */ = {isa = PBXBuildFile; fileRef = CCBB28482412C381001FF616 /* MFSecondaryTitleLabel.swift */; };
		CCBE387D240ADD0600130347 /* MFTextField.swift in Sources */ = {isa = PBXBuildFile; fileRef = CCBE387C240ADD0600130347 /* MFTextField.swift */; };
		CCBE387F240D74BA00130347 /* MealDetailsVC.swift in Sources */ = {isa = PBXBuildFile; fileRef = CCBE387E240D74BA00130347 /* MealDetailsVC.swift */; };
		CCBE3881240D752800130347 /* UIHelper.swift in Sources */ = {isa = PBXBuildFile; fileRef = CCBE3880240D752800130347 /* UIHelper.swift */; };
		CCBE3883240D765D00130347 /* MealCell.swift in Sources */ = {isa = PBXBuildFile; fileRef = CCBE3882240D765D00130347 /* MealCell.swift */; };
		CCBE3886240D76BF00130347 /* MFMealImageView.swift in Sources */ = {isa = PBXBuildFile; fileRef = CCBE3885240D76BF00130347 /* MFMealImageView.swift */; };
		CCBE3888240D820800130347 /* NetworkManager.swift in Sources */ = {isa = PBXBuildFile; fileRef = CCBE3887240D820800130347 /* NetworkManager.swift */; };
		CCBE388A240D841400130347 /* MFError.swift in Sources */ = {isa = PBXBuildFile; fileRef = CCBE3889240D841400130347 /* MFError.swift */; };
		CCBE388E240DFE7500130347 /* MFMealInfoHeaderVC.swift in Sources */ = {isa = PBXBuildFile; fileRef = CCBE388D240DFE7500130347 /* MFMealInfoHeaderVC.swift */; };
		CCBE3890240E003F00130347 /* Constants.swift in Sources */ = {isa = PBXBuildFile; fileRef = CCBE388F240E003F00130347 /* Constants.swift */; };
		CCFC4D172410A209000D1740 /* Notification+Extension.swift in Sources */ = {isa = PBXBuildFile; fileRef = CCFC4D162410A209000D1740 /* Notification+Extension.swift */; };
		CCFC4D192410A43F000D1740 /* WeightCell.swift in Sources */ = {isa = PBXBuildFile; fileRef = CCFC4D182410A43F000D1740 /* WeightCell.swift */; };
/* End PBXBuildFile section */

/* Begin PBXFileReference section */
		03BF34E570924E8FD9E8B054 /* Pods_MyFitness.framework */ = {isa = PBXFileReference; explicitFileType = wrapper.framework; includeInIndex = 0; path = Pods_MyFitness.framework; sourceTree = BUILT_PRODUCTS_DIR; };
		294205D725491AED009BB963 /* Weight+CoreDataProperties.swift */ = {isa = PBXFileReference; lastKnownFileType = sourcecode.swift; name = "Weight+CoreDataProperties.swift"; path = "/Users/johnkouris/Desktop/JohnKouris_Apps/MyFitness/MyFitness/MyFitness/Models/Weight+CoreDataProperties.swift"; sourceTree = "<absolute>"; };
		294205D825491AED009BB963 /* Weight+CoreDataClass.swift */ = {isa = PBXFileReference; lastKnownFileType = sourcecode.swift; name = "Weight+CoreDataClass.swift"; path = "/Users/johnkouris/Desktop/JohnKouris_Apps/MyFitness/MyFitness/MyFitness/Models/Weight+CoreDataClass.swift"; sourceTree = "<absolute>"; };
		299016E725490AEE0071079F /* APIKeys.swift */ = {isa = PBXFileReference; lastKnownFileType = sourcecode.swift; path = APIKeys.swift; sourceTree = "<group>"; };
		29D6B23C2549117B00E4BD1C /* MyFitness.xcdatamodel */ = {isa = PBXFileReference; lastKnownFileType = wrapper.xcdatamodel; path = MyFitness.xcdatamodel; sourceTree = "<group>"; };
		29D6B23F2549144500E4BD1C /* Exercise+CoreDataClass.swift */ = {isa = PBXFileReference; lastKnownFileType = sourcecode.swift; name = "Exercise+CoreDataClass.swift"; path = "/Users/johnkouris/Desktop/JohnKouris_Apps/MyFitness/MyFitness/MyFitness/Models/Exercise+CoreDataClass.swift"; sourceTree = "<absolute>"; };
		29D6B2402549144500E4BD1C /* Exercise+CoreDataProperties.swift */ = {isa = PBXFileReference; lastKnownFileType = sourcecode.swift; name = "Exercise+CoreDataProperties.swift"; path = "/Users/johnkouris/Desktop/JohnKouris_Apps/MyFitness/MyFitness/MyFitness/Models/Exercise+CoreDataProperties.swift"; sourceTree = "<absolute>"; };
		29D6B2412549144500E4BD1C /* Workout+CoreDataClass.swift */ = {isa = PBXFileReference; lastKnownFileType = sourcecode.swift; name = "Workout+CoreDataClass.swift"; path = "/Users/johnkouris/Desktop/JohnKouris_Apps/MyFitness/MyFitness/MyFitness/Models/Workout+CoreDataClass.swift"; sourceTree = "<absolute>"; };
		29D6B2422549144500E4BD1C /* Workout+CoreDataProperties.swift */ = {isa = PBXFileReference; lastKnownFileType = sourcecode.swift; name = "Workout+CoreDataProperties.swift"; path = "/Users/johnkouris/Desktop/JohnKouris_Apps/MyFitness/MyFitness/MyFitness/Models/Workout+CoreDataProperties.swift"; sourceTree = "<absolute>"; };
		B93347B68824A3AF137D9B24 /* Pods-MyFitness.debug.xcconfig */ = {isa = PBXFileReference; includeInIndex = 1; lastKnownFileType = text.xcconfig; name = "Pods-MyFitness.debug.xcconfig"; path = "Target Support Files/Pods-MyFitness/Pods-MyFitness.debug.xcconfig"; sourceTree = "<group>"; };
		C8506F6B2D9B997573B11C75 /* Pods-MyFitness.release.xcconfig */ = {isa = PBXFileReference; includeInIndex = 1; lastKnownFileType = text.xcconfig; name = "Pods-MyFitness.release.xcconfig"; path = "Target Support Files/Pods-MyFitness/Pods-MyFitness.release.xcconfig"; sourceTree = "<group>"; };
		CC0C7D22240756A500639A8F /* MFTabBarController.swift */ = {isa = PBXFileReference; lastKnownFileType = sourcecode.swift; path = MFTabBarController.swift; sourceTree = "<group>"; };
		CC0C7D24240756F200639A8F /* GymFinderVC.swift */ = {isa = PBXFileReference; lastKnownFileType = sourcecode.swift; path = GymFinderVC.swift; sourceTree = "<group>"; };
		CC0C7D272407574600639A8F /* MealsVC.swift */ = {isa = PBXFileReference; lastKnownFileType = sourcecode.swift; path = MealsVC.swift; sourceTree = "<group>"; };
		CC0C7D292407576500639A8F /* ProgressVC.swift */ = {isa = PBXFileReference; lastKnownFileType = sourcecode.swift; path = ProgressVC.swift; sourceTree = "<group>"; };
		CC0C7D2B2407578600639A8F /* WorkoutJournalVC.swift */ = {isa = PBXFileReference; lastKnownFileType = sourcecode.swift; path = WorkoutJournalVC.swift; sourceTree = "<group>"; };
		CC0C7D3124075BBF00639A8F /* Recipe.swift */ = {isa = PBXFileReference; lastKnownFileType = sourcecode.swift; path = Recipe.swift; sourceTree = "<group>"; };
		CC58AC84240624C7008F4FC6 /* MyFitness.app */ = {isa = PBXFileReference; explicitFileType = wrapper.application; includeInIndex = 0; path = MyFitness.app; sourceTree = BUILT_PRODUCTS_DIR; };
		CC58AC87240624C7008F4FC6 /* AppDelegate.swift */ = {isa = PBXFileReference; lastKnownFileType = sourcecode.swift; path = AppDelegate.swift; sourceTree = "<group>"; };
		CC58AC89240624C7008F4FC6 /* SceneDelegate.swift */ = {isa = PBXFileReference; lastKnownFileType = sourcecode.swift; path = SceneDelegate.swift; sourceTree = "<group>"; };
		CC58AC90240624C8008F4FC6 /* Assets.xcassets */ = {isa = PBXFileReference; lastKnownFileType = folder.assetcatalog; path = Assets.xcassets; sourceTree = "<group>"; };
		CC58AC93240624C8008F4FC6 /* Base */ = {isa = PBXFileReference; lastKnownFileType = file.storyboard; name = Base; path = Base.lproj/LaunchScreen.storyboard; sourceTree = "<group>"; };
		CC58AC95240624C8008F4FC6 /* Info.plist */ = {isa = PBXFileReference; lastKnownFileType = text.plist.xml; path = Info.plist; sourceTree = "<group>"; };
		CC64240624C8A68E004107C8 /* HealthKit.framework */ = {isa = PBXFileReference; lastKnownFileType = wrapper.framework; name = HealthKit.framework; path = System/Library/Frameworks/HealthKit.framework; sourceTree = SDKROOT; };
		CC87088A2408BD100065D328 /* JournalCell.swift */ = {isa = PBXFileReference; lastKnownFileType = sourcecode.swift; path = JournalCell.swift; sourceTree = "<group>"; };
		CC87088D2408BD5E0065D328 /* MFTitleLabel.swift */ = {isa = PBXFileReference; lastKnownFileType = sourcecode.swift; path = MFTitleLabel.swift; sourceTree = "<group>"; };
		CC87088F2408BD870065D328 /* MFAlertVC.swift */ = {isa = PBXFileReference; lastKnownFileType = sourcecode.swift; name = MFAlertVC.swift; path = "MyFitness/Custom Views/View Controllers/MFAlertVC.swift"; sourceTree = SOURCE_ROOT; };
		CC8708912408BF5C0065D328 /* MFBodyLabel.swift */ = {isa = PBXFileReference; lastKnownFileType = sourcecode.swift; path = MFBodyLabel.swift; sourceTree = "<group>"; };
		CC8708932408C59A0065D328 /* AddWorkoutVC.swift */ = {isa = PBXFileReference; lastKnownFileType = sourcecode.swift; path = AddWorkoutVC.swift; sourceTree = "<group>"; };
		CC8708952408C8450065D328 /* WorkoutCell.swift */ = {isa = PBXFileReference; lastKnownFileType = sourcecode.swift; path = WorkoutCell.swift; sourceTree = "<group>"; };
		CC937A66240F46890062D8C0 /* MFTextView.swift */ = {isa = PBXFileReference; lastKnownFileType = sourcecode.swift; path = MFTextView.swift; sourceTree = "<group>"; };
		CCBB28462411A6C9001FF616 /* PersistenceManager.swift */ = {isa = PBXFileReference; lastKnownFileType = sourcecode.swift; name = PersistenceManager.swift; path = MyFitness/Managers/PersistenceManager.swift; sourceTree = SOURCE_ROOT; };
		CCBB28482412C381001FF616 /* MFSecondaryTitleLabel.swift */ = {isa = PBXFileReference; lastKnownFileType = sourcecode.swift; path = MFSecondaryTitleLabel.swift; sourceTree = "<group>"; };
		CCBE387C240ADD0600130347 /* MFTextField.swift */ = {isa = PBXFileReference; lastKnownFileType = sourcecode.swift; path = MFTextField.swift; sourceTree = "<group>"; };
		CCBE387E240D74BA00130347 /* MealDetailsVC.swift */ = {isa = PBXFileReference; lastKnownFileType = sourcecode.swift; path = MealDetailsVC.swift; sourceTree = "<group>"; };
		CCBE3880240D752800130347 /* UIHelper.swift */ = {isa = PBXFileReference; lastKnownFileType = sourcecode.swift; name = UIHelper.swift; path = MyFitness/Utilities/UIHelper.swift; sourceTree = SOURCE_ROOT; };
		CCBE3882240D765D00130347 /* MealCell.swift */ = {isa = PBXFileReference; lastKnownFileType = sourcecode.swift; path = MealCell.swift; sourceTree = "<group>"; };
		CCBE3885240D76BF00130347 /* MFMealImageView.swift */ = {isa = PBXFileReference; lastKnownFileType = sourcecode.swift; path = MFMealImageView.swift; sourceTree = "<group>"; };
		CCBE3887240D820800130347 /* NetworkManager.swift */ = {isa = PBXFileReference; lastKnownFileType = sourcecode.swift; name = NetworkManager.swift; path = MyFitness/Managers/NetworkManager.swift; sourceTree = SOURCE_ROOT; };
		CCBE3889240D841400130347 /* MFError.swift */ = {isa = PBXFileReference; lastKnownFileType = sourcecode.swift; name = MFError.swift; path = MyFitness/Utilities/MFError.swift; sourceTree = SOURCE_ROOT; };
		CCBE388D240DFE7500130347 /* MFMealInfoHeaderVC.swift */ = {isa = PBXFileReference; lastKnownFileType = sourcecode.swift; name = MFMealInfoHeaderVC.swift; path = "MyFitness/Custom Views/View Controllers/MFMealInfoHeaderVC.swift"; sourceTree = SOURCE_ROOT; };
		CCBE388F240E003F00130347 /* Constants.swift */ = {isa = PBXFileReference; lastKnownFileType = sourcecode.swift; name = Constants.swift; path = MyFitness/Utilities/Constants.swift; sourceTree = SOURCE_ROOT; };
		CCFC4D162410A209000D1740 /* Notification+Extension.swift */ = {isa = PBXFileReference; lastKnownFileType = sourcecode.swift; name = "Notification+Extension.swift"; path = "MyFitness/Extensions/Notification+Extension.swift"; sourceTree = SOURCE_ROOT; };
		CCFC4D182410A43F000D1740 /* WeightCell.swift */ = {isa = PBXFileReference; lastKnownFileType = sourcecode.swift; path = WeightCell.swift; sourceTree = "<group>"; };
/* End PBXFileReference section */

/* Begin PBXFrameworksBuildPhase section */
		CC58AC81240624C7008F4FC6 /* Frameworks */ = {
			isa = PBXFrameworksBuildPhase;
			buildActionMask = 2147483647;
			files = (
				5F17C9F9F6C8A36BD6937386 /* Pods_MyFitness.framework in Frameworks */,
				CC64240724C8A68E004107C8 /* HealthKit.framework in Frameworks */,
			);
			runOnlyForDeploymentPostprocessing = 0;
		};
/* End PBXFrameworksBuildPhase section */

/* Begin PBXGroup section */
		29D6B22725490E7800E4BD1C /* Utilities */ = {
			isa = PBXGroup;
			children = (
				CCBE3880240D752800130347 /* UIHelper.swift */,
				CCBE3889240D841400130347 /* MFError.swift */,
				CCBE388F240E003F00130347 /* Constants.swift */,
				299016E725490AEE0071079F /* APIKeys.swift */,
			);
			path = Utilities;
			sourceTree = "<group>";
		};
		29D6B22825490E9800E4BD1C /* Managers */ = {
			isa = PBXGroup;
			children = (
				CCBE3887240D820800130347 /* NetworkManager.swift */,
				CCBB28462411A6C9001FF616 /* PersistenceManager.swift */,
			);
			path = Managers;
			sourceTree = "<group>";
		};
		29D6B22925490EB200E4BD1C /* Extensions */ = {
			isa = PBXGroup;
			children = (
				CCFC4D162410A209000D1740 /* Notification+Extension.swift */,
			);
			path = Extensions;
			sourceTree = "<group>";
		};
		29D6B22A25490EC200E4BD1C /* View Controllers */ = {
			isa = PBXGroup;
			children = (
				CC87088F2408BD870065D328 /* MFAlertVC.swift */,
				CCBE388D240DFE7500130347 /* MFMealInfoHeaderVC.swift */,
			);
			path = "View Controllers";
			sourceTree = "<group>";
		};
		29D6B23A2549116B00E4BD1C /* Data */ = {
			isa = PBXGroup;
			children = (
				29D6B23B2549117B00E4BD1C /* MyFitness.xcdatamodeld */,
			);
			path = Data;
			sourceTree = "<group>";
		};
		3E9F3D9CA5DCD7CD2FE3AA2C /* Frameworks */ = {
			isa = PBXGroup;
			children = (
				CC64240624C8A68E004107C8 /* HealthKit.framework */,
				03BF34E570924E8FD9E8B054 /* Pods_MyFitness.framework */,
			);
			name = Frameworks;
			sourceTree = "<group>";
		};
		BD38D9D453ED971C1349E3D9 /* Pods */ = {
			isa = PBXGroup;
			children = (
				B93347B68824A3AF137D9B24 /* Pods-MyFitness.debug.xcconfig */,
				C8506F6B2D9B997573B11C75 /* Pods-MyFitness.release.xcconfig */,
			);
			path = Pods;
			sourceTree = "<group>";
		};
		CC0C7D19240755AF00639A8F /* Support */ = {
			isa = PBXGroup;
			children = (
				CC58AC87240624C7008F4FC6 /* AppDelegate.swift */,
				CC58AC89240624C7008F4FC6 /* SceneDelegate.swift */,
				CC58AC90240624C8008F4FC6 /* Assets.xcassets */,
				CC58AC92240624C8008F4FC6 /* LaunchScreen.storyboard */,
			);
			path = Support;
			sourceTree = "<group>";
		};
		CC0C7D1A240755DB00639A8F /* Screens */ = {
			isa = PBXGroup;
			children = (
				CC0C7D2B2407578600639A8F /* WorkoutJournalVC.swift */,
				CC8708932408C59A0065D328 /* AddWorkoutVC.swift */,
				CC0C7D292407576500639A8F /* ProgressVC.swift */,
				CC0C7D272407574600639A8F /* MealsVC.swift */,
				CCBE387E240D74BA00130347 /* MealDetailsVC.swift */,
				CC0C7D24240756F200639A8F /* GymFinderVC.swift */,
			);
			path = Screens;
			sourceTree = "<group>";
		};
		CC0C7D1B240755EC00639A8F /* Custom Views */ = {
			isa = PBXGroup;
			children = (
				CC937A65240F46730062D8C0 /* TextViews */,
				CCBE3884240D76A500130347 /* ImageViews */,
				CCBE387B240ADCF400130347 /* TextFields */,
				CC87088C2408BD2E0065D328 /* Labels */,
				CC0C7D202407564400639A8F /* Tab Bar Controllers */,
				29D6B22A25490EC200E4BD1C /* View Controllers */,
				CC8708892408BCE60065D328 /* Cells */,
			);
			path = "Custom Views";
			sourceTree = "<group>";
		};
		CC0C7D1D2407560100639A8F /* Models */ = {
			isa = PBXGroup;
			children = (
				29D6B2412549144500E4BD1C /* Workout+CoreDataClass.swift */,
				29D6B2422549144500E4BD1C /* Workout+CoreDataProperties.swift */,
				29D6B23F2549144500E4BD1C /* Exercise+CoreDataClass.swift */,
				29D6B2402549144500E4BD1C /* Exercise+CoreDataProperties.swift */,
				294205D825491AED009BB963 /* Weight+CoreDataClass.swift */,
				294205D725491AED009BB963 /* Weight+CoreDataProperties.swift */,
				CC0C7D3124075BBF00639A8F /* Recipe.swift */,
			);
			path = Models;
			sourceTree = "<group>";
		};
		CC0C7D202407564400639A8F /* Tab Bar Controllers */ = {
			isa = PBXGroup;
			children = (
				CC0C7D22240756A500639A8F /* MFTabBarController.swift */,
			);
			path = "Tab Bar Controllers";
			sourceTree = "<group>";
		};
		CC58AC7B240624C7008F4FC6 = {
			isa = PBXGroup;
			children = (
				CC58AC86240624C7008F4FC6 /* MyFitness */,
				CC58AC85240624C7008F4FC6 /* Products */,
				BD38D9D453ED971C1349E3D9 /* Pods */,
				3E9F3D9CA5DCD7CD2FE3AA2C /* Frameworks */,
			);
			sourceTree = "<group>";
		};
		CC58AC85240624C7008F4FC6 /* Products */ = {
			isa = PBXGroup;
			children = (
				CC58AC84240624C7008F4FC6 /* MyFitness.app */,
			);
			name = Products;
			sourceTree = "<group>";
		};
		CC58AC86240624C7008F4FC6 /* MyFitness */ = {
			isa = PBXGroup;
			children = (
				29D6B23A2549116B00E4BD1C /* Data */,
				29D6B22925490EB200E4BD1C /* Extensions */,
				29D6B22825490E9800E4BD1C /* Managers */,
				29D6B22725490E7800E4BD1C /* Utilities */,
				CC0C7D1D2407560100639A8F /* Models */,
				CC0C7D1B240755EC00639A8F /* Custom Views */,
				CC0C7D1A240755DB00639A8F /* Screens */,
				CC0C7D19240755AF00639A8F /* Support */,
				CC58AC95240624C8008F4FC6 /* Info.plist */,
			);
			path = MyFitness;
			sourceTree = "<group>";
		};
		CC8708892408BCE60065D328 /* Cells */ = {
			isa = PBXGroup;
			children = (
				CC87088A2408BD100065D328 /* JournalCell.swift */,
				CC8708952408C8450065D328 /* WorkoutCell.swift */,
				CCBE3882240D765D00130347 /* MealCell.swift */,
				CCFC4D182410A43F000D1740 /* WeightCell.swift */,
			);
			path = Cells;
			sourceTree = "<group>";
		};
		CC87088C2408BD2E0065D328 /* Labels */ = {
			isa = PBXGroup;
			children = (
				CC87088D2408BD5E0065D328 /* MFTitleLabel.swift */,
				CC8708912408BF5C0065D328 /* MFBodyLabel.swift */,
				CCBB28482412C381001FF616 /* MFSecondaryTitleLabel.swift */,
			);
			path = Labels;
			sourceTree = "<group>";
		};
		CC937A65240F46730062D8C0 /* TextViews */ = {
			isa = PBXGroup;
			children = (
				CC937A66240F46890062D8C0 /* MFTextView.swift */,
			);
			path = TextViews;
			sourceTree = "<group>";
		};
		CCBE387B240ADCF400130347 /* TextFields */ = {
			isa = PBXGroup;
			children = (
				CCBE387C240ADD0600130347 /* MFTextField.swift */,
			);
			path = TextFields;
			sourceTree = "<group>";
		};
		CCBE3884240D76A500130347 /* ImageViews */ = {
			isa = PBXGroup;
			children = (
				CCBE3885240D76BF00130347 /* MFMealImageView.swift */,
			);
			path = ImageViews;
			sourceTree = "<group>";
		};
/* End PBXGroup section */

/* Begin PBXNativeTarget section */
		CC58AC83240624C7008F4FC6 /* MyFitness */ = {
			isa = PBXNativeTarget;
			buildConfigurationList = CC58AC98240624C8008F4FC6 /* Build configuration list for PBXNativeTarget "MyFitness" */;
			buildPhases = (
				B76B0D610F5EB4D9FE7379BB /* [CP] Check Pods Manifest.lock */,
				CC58AC80240624C7008F4FC6 /* Sources */,
				CC58AC81240624C7008F4FC6 /* Frameworks */,
				CC58AC82240624C7008F4FC6 /* Resources */,
				84C32FD8AD32B390CA6CE403 /* [CP] Embed Pods Frameworks */,
			);
			buildRules = (
			);
			dependencies = (
			);
			name = MyFitness;
			productName = MyFitness;
			productReference = CC58AC84240624C7008F4FC6 /* MyFitness.app */;
			productType = "com.apple.product-type.application";
		};
/* End PBXNativeTarget section */

/* Begin PBXProject section */
		CC58AC7C240624C7008F4FC6 /* Project object */ = {
			isa = PBXProject;
			attributes = {
				LastSwiftUpdateCheck = 1130;
				LastUpgradeCheck = 1210;
				ORGANIZATIONNAME = "John Kouris";
				TargetAttributes = {
					CC58AC83240624C7008F4FC6 = {
						CreatedOnToolsVersion = 11.3.1;
					};
				};
			};
			buildConfigurationList = CC58AC7F240624C7008F4FC6 /* Build configuration list for PBXProject "MyFitness" */;
			compatibilityVersion = "Xcode 9.3";
			developmentRegion = en;
			hasScannedForEncodings = 0;
			knownRegions = (
				en,
				Base,
			);
			mainGroup = CC58AC7B240624C7008F4FC6;
			productRefGroup = CC58AC85240624C7008F4FC6 /* Products */;
			projectDirPath = "";
			projectRoot = "";
			targets = (
				CC58AC83240624C7008F4FC6 /* MyFitness */,
			);
		};
/* End PBXProject section */

/* Begin PBXResourcesBuildPhase section */
		CC58AC82240624C7008F4FC6 /* Resources */ = {
			isa = PBXResourcesBuildPhase;
			buildActionMask = 2147483647;
			files = (
				CC58AC94240624C8008F4FC6 /* LaunchScreen.storyboard in Resources */,
				CC58AC91240624C8008F4FC6 /* Assets.xcassets in Resources */,
			);
			runOnlyForDeploymentPostprocessing = 0;
		};
/* End PBXResourcesBuildPhase section */

/* Begin PBXShellScriptBuildPhase section */
		84C32FD8AD32B390CA6CE403 /* [CP] Embed Pods Frameworks */ = {
			isa = PBXShellScriptBuildPhase;
			buildActionMask = 2147483647;
			files = (
			);
			inputFileListPaths = (
				"${PODS_ROOT}/Target Support Files/Pods-MyFitness/Pods-MyFitness-frameworks-${CONFIGURATION}-input-files.xcfilelist",
			);
			name = "[CP] Embed Pods Frameworks";
			outputFileListPaths = (
				"${PODS_ROOT}/Target Support Files/Pods-MyFitness/Pods-MyFitness-frameworks-${CONFIGURATION}-output-files.xcfilelist",
			);
			runOnlyForDeploymentPostprocessing = 0;
			shellPath = /bin/sh;
			shellScript = "\"${PODS_ROOT}/Target Support Files/Pods-MyFitness/Pods-MyFitness-frameworks.sh\"\n";
			showEnvVarsInLog = 0;
		};
		B76B0D610F5EB4D9FE7379BB /* [CP] Check Pods Manifest.lock */ = {
			isa = PBXShellScriptBuildPhase;
			buildActionMask = 2147483647;
			files = (
			);
			inputFileListPaths = (
			);
			inputPaths = (
				"${PODS_PODFILE_DIR_PATH}/Podfile.lock",
				"${PODS_ROOT}/Manifest.lock",
			);
			name = "[CP] Check Pods Manifest.lock";
			outputFileListPaths = (
			);
			outputPaths = (
				"$(DERIVED_FILE_DIR)/Pods-MyFitness-checkManifestLockResult.txt",
			);
			runOnlyForDeploymentPostprocessing = 0;
			shellPath = /bin/sh;
			shellScript = "diff \"${PODS_PODFILE_DIR_PATH}/Podfile.lock\" \"${PODS_ROOT}/Manifest.lock\" > /dev/null\nif [ $? != 0 ] ; then\n    # print error to STDERR\n    echo \"error: The sandbox is not in sync with the Podfile.lock. Run 'pod install' or update your CocoaPods installation.\" >&2\n    exit 1\nfi\n# This output is used by Xcode 'outputs' to avoid re-running this script phase.\necho \"SUCCESS\" > \"${SCRIPT_OUTPUT_FILE_0}\"\n";
			showEnvVarsInLog = 0;
		};
/* End PBXShellScriptBuildPhase section */

/* Begin PBXSourcesBuildPhase section */
		CC58AC80240624C7008F4FC6 /* Sources */ = {
			isa = PBXSourcesBuildPhase;
			buildActionMask = 2147483647;
			files = (
				CCBE3886240D76BF00130347 /* MFMealImageView.swift in Sources */,
				299016E825490AEE0071079F /* APIKeys.swift in Sources */,
				CCBE3883240D765D00130347 /* MealCell.swift in Sources */,
				CC0C7D3224075BBF00639A8F /* Recipe.swift in Sources */,
				CCBE387D240ADD0600130347 /* MFTextField.swift in Sources */,
				294205D925491AED009BB963 /* Weight+CoreDataClass.swift in Sources */,
				CCBE3888240D820800130347 /* NetworkManager.swift in Sources */,
				CC0C7D23240756A500639A8F /* MFTabBarController.swift in Sources */,
				CCBE3890240E003F00130347 /* Constants.swift in Sources */,
				CC0C7D2A2407576500639A8F /* ProgressVC.swift in Sources */,
				CC8708962408C8450065D328 /* WorkoutCell.swift in Sources */,
				CC8708942408C59A0065D328 /* AddWorkoutVC.swift in Sources */,
				CCBE387F240D74BA00130347 /* MealDetailsVC.swift in Sources */,
				CC8708922408BF5C0065D328 /* MFBodyLabel.swift in Sources */,
				29D6B2462549144500E4BD1C /* Workout+CoreDataClass.swift in Sources */,
				CC58AC88240624C7008F4FC6 /* AppDelegate.swift in Sources */,
				29D6B2442549144500E4BD1C /* Exercise+CoreDataClass.swift in Sources */,
				CCFC4D192410A43F000D1740 /* WeightCell.swift in Sources */,
				29D6B23D2549117B00E4BD1C /* MyFitness.xcdatamodeld in Sources */,
				CC87088B2408BD100065D328 /* JournalCell.swift in Sources */,
				CCBB28492412C381001FF616 /* MFSecondaryTitleLabel.swift in Sources */,
				CC87088E2408BD5E0065D328 /* MFTitleLabel.swift in Sources */,
				CC0C7D25240756F200639A8F /* GymFinderVC.swift in Sources */,
				CCFC4D172410A209000D1740 /* Notification+Extension.swift in Sources */,
				CC58AC8A240624C7008F4FC6 /* SceneDelegate.swift in Sources */,
				CCBB28472411A6C9001FF616 /* PersistenceManager.swift in Sources */,
				CC0C7D282407574600639A8F /* MealsVC.swift in Sources */,
				CCBE388A240D841400130347 /* MFError.swift in Sources */,
				CCBE3881240D752800130347 /* UIHelper.swift in Sources */,
				294205DA25491AED009BB963 /* Weight+CoreDataProperties.swift in Sources */,
				CC937A67240F46890062D8C0 /* MFTextView.swift in Sources */,
				CCBE388E240DFE7500130347 /* MFMealInfoHeaderVC.swift in Sources */,
				CC8708902408BD870065D328 /* MFAlertVC.swift in Sources */,
				29D6B2432549144500E4BD1C /* Workout+CoreDataProperties.swift in Sources */,
				29D6B2452549144500E4BD1C /* Exercise+CoreDataProperties.swift in Sources */,
				CC0C7D2C2407578600639A8F /* WorkoutJournalVC.swift in Sources */,
			);
			runOnlyForDeploymentPostprocessing = 0;
		};
/* End PBXSourcesBuildPhase section */

/* Begin PBXVariantGroup section */
		CC58AC92240624C8008F4FC6 /* LaunchScreen.storyboard */ = {
			isa = PBXVariantGroup;
			children = (
				CC58AC93240624C8008F4FC6 /* Base */,
			);
			name = LaunchScreen.storyboard;
			sourceTree = "<group>";
		};
/* End PBXVariantGroup section */

/* Begin XCBuildConfiguration section */
		CC58AC96240624C8008F4FC6 /* Debug */ = {
			isa = XCBuildConfiguration;
			buildSettings = {
				ALWAYS_SEARCH_USER_PATHS = NO;
				CLANG_ANALYZER_NONNULL = YES;
				CLANG_ANALYZER_NUMBER_OBJECT_CONVERSION = YES_AGGRESSIVE;
				CLANG_CXX_LANGUAGE_STANDARD = "gnu++14";
				CLANG_CXX_LIBRARY = "libc++";
				CLANG_ENABLE_MODULES = YES;
				CLANG_ENABLE_OBJC_ARC = YES;
				CLANG_ENABLE_OBJC_WEAK = YES;
				CLANG_WARN_BLOCK_CAPTURE_AUTORELEASING = YES;
				CLANG_WARN_BOOL_CONVERSION = YES;
				CLANG_WARN_COMMA = YES;
				CLANG_WARN_CONSTANT_CONVERSION = YES;
				CLANG_WARN_DEPRECATED_OBJC_IMPLEMENTATIONS = YES;
				CLANG_WARN_DIRECT_OBJC_ISA_USAGE = YES_ERROR;
				CLANG_WARN_DOCUMENTATION_COMMENTS = YES;
				CLANG_WARN_EMPTY_BODY = YES;
				CLANG_WARN_ENUM_CONVERSION = YES;
				CLANG_WARN_INFINITE_RECURSION = YES;
				CLANG_WARN_INT_CONVERSION = YES;
				CLANG_WARN_NON_LITERAL_NULL_CONVERSION = YES;
				CLANG_WARN_OBJC_IMPLICIT_RETAIN_SELF = YES;
				CLANG_WARN_OBJC_LITERAL_CONVERSION = YES;
				CLANG_WARN_OBJC_ROOT_CLASS = YES_ERROR;
				CLANG_WARN_QUOTED_INCLUDE_IN_FRAMEWORK_HEADER = YES;
				CLANG_WARN_RANGE_LOOP_ANALYSIS = YES;
				CLANG_WARN_STRICT_PROTOTYPES = YES;
				CLANG_WARN_SUSPICIOUS_MOVE = YES;
				CLANG_WARN_UNGUARDED_AVAILABILITY = YES_AGGRESSIVE;
				CLANG_WARN_UNREACHABLE_CODE = YES;
				CLANG_WARN__DUPLICATE_METHOD_MATCH = YES;
				COPY_PHASE_STRIP = NO;
				DEBUG_INFORMATION_FORMAT = dwarf;
				ENABLE_STRICT_OBJC_MSGSEND = YES;
				ENABLE_TESTABILITY = YES;
				GCC_C_LANGUAGE_STANDARD = gnu11;
				GCC_DYNAMIC_NO_PIC = NO;
				GCC_NO_COMMON_BLOCKS = YES;
				GCC_OPTIMIZATION_LEVEL = 0;
				GCC_PREPROCESSOR_DEFINITIONS = (
					"DEBUG=1",
					"$(inherited)",
				);
				GCC_WARN_64_TO_32_BIT_CONVERSION = YES;
				GCC_WARN_ABOUT_RETURN_TYPE = YES_ERROR;
				GCC_WARN_UNDECLARED_SELECTOR = YES;
				GCC_WARN_UNINITIALIZED_AUTOS = YES_AGGRESSIVE;
				GCC_WARN_UNUSED_FUNCTION = YES;
				GCC_WARN_UNUSED_VARIABLE = YES;
				IPHONEOS_DEPLOYMENT_TARGET = 13.2;
				MTL_ENABLE_DEBUG_INFO = INCLUDE_SOURCE;
				MTL_FAST_MATH = YES;
				ONLY_ACTIVE_ARCH = YES;
				SDKROOT = iphoneos;
				SWIFT_ACTIVE_COMPILATION_CONDITIONS = DEBUG;
				SWIFT_OPTIMIZATION_LEVEL = "-Onone";
			};
			name = Debug;
		};
		CC58AC97240624C8008F4FC6 /* Release */ = {
			isa = XCBuildConfiguration;
			buildSettings = {
				ALWAYS_SEARCH_USER_PATHS = NO;
				CLANG_ANALYZER_NONNULL = YES;
				CLANG_ANALYZER_NUMBER_OBJECT_CONVERSION = YES_AGGRESSIVE;
				CLANG_CXX_LANGUAGE_STANDARD = "gnu++14";
				CLANG_CXX_LIBRARY = "libc++";
				CLANG_ENABLE_MODULES = YES;
				CLANG_ENABLE_OBJC_ARC = YES;
				CLANG_ENABLE_OBJC_WEAK = YES;
				CLANG_WARN_BLOCK_CAPTURE_AUTORELEASING = YES;
				CLANG_WARN_BOOL_CONVERSION = YES;
				CLANG_WARN_COMMA = YES;
				CLANG_WARN_CONSTANT_CONVERSION = YES;
				CLANG_WARN_DEPRECATED_OBJC_IMPLEMENTATIONS = YES;
				CLANG_WARN_DIRECT_OBJC_ISA_USAGE = YES_ERROR;
				CLANG_WARN_DOCUMENTATION_COMMENTS = YES;
				CLANG_WARN_EMPTY_BODY = YES;
				CLANG_WARN_ENUM_CONVERSION = YES;
				CLANG_WARN_INFINITE_RECURSION = YES;
				CLANG_WARN_INT_CONVERSION = YES;
				CLANG_WARN_NON_LITERAL_NULL_CONVERSION = YES;
				CLANG_WARN_OBJC_IMPLICIT_RETAIN_SELF = YES;
				CLANG_WARN_OBJC_LITERAL_CONVERSION = YES;
				CLANG_WARN_OBJC_ROOT_CLASS = YES_ERROR;
				CLANG_WARN_QUOTED_INCLUDE_IN_FRAMEWORK_HEADER = YES;
				CLANG_WARN_RANGE_LOOP_ANALYSIS = YES;
				CLANG_WARN_STRICT_PROTOTYPES = YES;
				CLANG_WARN_SUSPICIOUS_MOVE = YES;
				CLANG_WARN_UNGUARDED_AVAILABILITY = YES_AGGRESSIVE;
				CLANG_WARN_UNREACHABLE_CODE = YES;
				CLANG_WARN__DUPLICATE_METHOD_MATCH = YES;
				COPY_PHASE_STRIP = NO;
				DEBUG_INFORMATION_FORMAT = "dwarf-with-dsym";
				ENABLE_NS_ASSERTIONS = NO;
				ENABLE_STRICT_OBJC_MSGSEND = YES;
				GCC_C_LANGUAGE_STANDARD = gnu11;
				GCC_NO_COMMON_BLOCKS = YES;
				GCC_WARN_64_TO_32_BIT_CONVERSION = YES;
				GCC_WARN_ABOUT_RETURN_TYPE = YES_ERROR;
				GCC_WARN_UNDECLARED_SELECTOR = YES;
				GCC_WARN_UNINITIALIZED_AUTOS = YES_AGGRESSIVE;
				GCC_WARN_UNUSED_FUNCTION = YES;
				GCC_WARN_UNUSED_VARIABLE = YES;
				IPHONEOS_DEPLOYMENT_TARGET = 13.2;
				MTL_ENABLE_DEBUG_INFO = NO;
				MTL_FAST_MATH = YES;
				SDKROOT = iphoneos;
				SWIFT_COMPILATION_MODE = wholemodule;
				SWIFT_OPTIMIZATION_LEVEL = "-O";
				VALIDATE_PRODUCT = YES;
			};
			name = Release;
		};
		CC58AC99240624C8008F4FC6 /* Debug */ = {
			isa = XCBuildConfiguration;
			baseConfigurationReference = B93347B68824A3AF137D9B24 /* Pods-MyFitness.debug.xcconfig */;
			buildSettings = {
				ASSETCATALOG_COMPILER_APPICON_NAME = AppIcon;
				CODE_SIGN_ENTITLEMENTS = MyFitness/MyFitness.entitlements;
				CODE_SIGN_STYLE = Automatic;
				DEVELOPMENT_TEAM = SE96QQ4Q6G;
				INFOPLIST_FILE = MyFitness/Info.plist;
				LD_RUNPATH_SEARCH_PATHS = (
					"$(inherited)",
					"@executable_path/Frameworks",
				);
				PRODUCT_BUNDLE_IDENTIFIER = com.JohnKouris.MyFitness;
				PRODUCT_NAME = "$(TARGET_NAME)";
				SWIFT_VERSION = 5.0;
				TARGETED_DEVICE_FAMILY = "1,2";
			};
			name = Debug;
		};
		CC58AC9A240624C8008F4FC6 /* Release */ = {
			isa = XCBuildConfiguration;
			baseConfigurationReference = C8506F6B2D9B997573B11C75 /* Pods-MyFitness.release.xcconfig */;
			buildSettings = {
				ASSETCATALOG_COMPILER_APPICON_NAME = AppIcon;
				CODE_SIGN_ENTITLEMENTS = MyFitness/MyFitness.entitlements;
				CODE_SIGN_STYLE = Automatic;
				DEVELOPMENT_TEAM = SE96QQ4Q6G;
				INFOPLIST_FILE = MyFitness/Info.plist;
				LD_RUNPATH_SEARCH_PATHS = (
					"$(inherited)",
					"@executable_path/Frameworks",
				);
				PRODUCT_BUNDLE_IDENTIFIER = com.JohnKouris.MyFitness;
				PRODUCT_NAME = "$(TARGET_NAME)";
				SWIFT_VERSION = 5.0;
				TARGETED_DEVICE_FAMILY = "1,2";
			};
			name = Release;
		};
/* End XCBuildConfiguration section */

/* Begin XCConfigurationList section */
		CC58AC7F240624C7008F4FC6 /* Build configuration list for PBXProject "MyFitness" */ = {
			isa = XCConfigurationList;
			buildConfigurations = (
				CC58AC96240624C8008F4FC6 /* Debug */,
				CC58AC97240624C8008F4FC6 /* Release */,
			);
			defaultConfigurationIsVisible = 0;
			defaultConfigurationName = Release;
		};
		CC58AC98240624C8008F4FC6 /* Build configuration list for PBXNativeTarget "MyFitness" */ = {
			isa = XCConfigurationList;
			buildConfigurations = (
				CC58AC99240624C8008F4FC6 /* Debug */,
				CC58AC9A240624C8008F4FC6 /* Release */,
			);
			defaultConfigurationIsVisible = 0;
			defaultConfigurationName = Release;
		};
/* End XCConfigurationList section */

/* Begin XCVersionGroup section */
		29D6B23B2549117B00E4BD1C /* MyFitness.xcdatamodeld */ = {
			isa = XCVersionGroup;
			children = (
				29D6B23C2549117B00E4BD1C /* MyFitness.xcdatamodel */,
			);
			currentVersion = 29D6B23C2549117B00E4BD1C /* MyFitness.xcdatamodel */;
			path = MyFitness.xcdatamodeld;
			sourceTree = "<group>";
			versionGroupType = wrapper.xcdatamodel;
		};
/* End XCVersionGroup section */
	};
	rootObject = CC58AC7C240624C7008F4FC6 /* Project object */;
}
